
Microsoft Visual Studio Solution File, Format Version 11.00
# Visual C++ Express 2010
Project("{8BC9CEB8-8B4A-11D0-8D11-00A0C91BC942}") = "DataPlotter", "DataPlotter\DataPlotter.vcxproj", "{BB25E2EF-CD0E-45E1-8B71-95E40F975CDB}"
EndProject
Global
	GlobalSection(SolutionConfigurationPlatforms) = preSolution
		Debug wx2.8|Win32 = Debug wx2.8|Win32
		Debug|Win32 = Debug|Win32
		Release wx2.8|Win32 = Release wx2.8|Win32
		Release|Win32 = Release|Win32
	EndGlobalSection
	GlobalSection(ProjectConfigurationPlatforms) = postSolution
		{BB25E2EF-CD0E-45E1-8B71-95E40F975CDB}.Debug wx2.8|Win32.ActiveCfg = Debug wx2.8|Win32
		{BB25E2EF-CD0E-45E1-8B71-95E40F975CDB}.Debug wx2.8|Win32.Build.0 = Debug wx2.8|Win32
		{BB25E2EF-CD0E-45E1-8B71-95E40F975CDB}.Debug|Win32.ActiveCfg = Debug|Win32
		{BB25E2EF-CD0E-45E1-8B71-95E40F975CDB}.Debug|Win32.Build.0 = Debug|Win32
		{BB25E2EF-CD0E-45E1-8B71-95E40F975CDB}.Release wx2.8|Win32.ActiveCfg = Release wx2.8|Win32
		{BB25E2EF-CD0E-45E1-8B71-95E40F975CDB}.Release wx2.8|Win32.Build.0 = Release wx2.8|Win32
		{BB25E2EF-CD0E-45E1-8B71-95E40F975CDB}.Release|Win32.ActiveCfg = Release|Win32
		{BB25E2EF-CD0E-45E1-8B71-95E40F975CDB}.Release|Win32.Build.0 = Release|Win32
	EndGlobalSection
	GlobalSection(SolutionProperties) = preSolution
		HideSolutionNode = FALSE
	EndGlobalSection
EndGlobal
