<?xml version="1.0" encoding="utf-8"?>
<Project ToolsVersion="4.0" xmlns="http://schemas.microsoft.com/developer/msbuild/2003">
  <ItemGroup>
    <Filter Include="Source Files">
      <UniqueIdentifier>{4FC737F1-C7A5-4376-A066-2A32D752A2FF}</UniqueIdentifier>
      <Extensions>cpp;c;cc;cxx;def;odl;idl;hpj;bat;asm;asmx</Extensions>
    </Filter>
    <Filter Include="Header Files">
      <UniqueIdentifier>{93995380-89BD-4b04-88EB-625FBE52EBFB}</UniqueIdentifier>
      <Extensions>h;hpp;hxx;hm;inl;inc;xsd</Extensions>
    </Filter>
    <Filter Include="Resource Files">
      <UniqueIdentifier>{67DA6AB6-F800-4c08-8B7A-83BB121AAD01}</UniqueIdentifier>
      <Extensions>rc;ico;cur;bmp;dlg;rc2;rct;bin;rgs;gif;jpg;jpeg;jpe;resx;tiff;tif;png;wav;mfcribbon-ms</Extensions>
    </Filter>
    <Filter Include="Header Files\application">
      <UniqueIdentifier>{8423ccae-66d0-447b-b6a2-c3542bd96fd0}</UniqueIdentifier>
    </Filter>
    <Filter Include="Source Files\application">
      <UniqueIdentifier>{02b3349d-68d7-4b1f-82ac-59c518458cf5}</UniqueIdentifier>
    </Filter>
    <Filter Include="Header Files\renderer">
      <UniqueIdentifier>{30484aef-30da-45cd-97c9-f8841ba3789c}</UniqueIdentifier>
    </Filter>
    <Filter Include="Header Files\renderer\primitives">
      <UniqueIdentifier>{8b37301a-d18b-4055-a9dc-383f509f8962}</UniqueIdentifier>
    </Filter>
    <Filter Include="Source Files\renderer">
      <UniqueIdentifier>{9c7e3aaa-40f3-412d-ab1a-943c7ed360d0}</UniqueIdentifier>
    </Filter>
    <Filter Include="Source Files\renderer\primitives">
      <UniqueIdentifier>{3d2a68c3-6565-4a36-a7b7-81d79f67588a}</UniqueIdentifier>
    </Filter>
    <Filter Include="Header Files\utilities">
      <UniqueIdentifier>{fdc99ff9-4f1b-4920-949f-8c4c8cf053ef}</UniqueIdentifier>
    </Filter>
    <Filter Include="Source Files\utilities">
      <UniqueIdentifier>{c77b9fea-4d41-4d7d-931c-ef06ce66cd5a}</UniqueIdentifier>
    </Filter>
    <Filter Include="Source Files\utilities\math">
      <UniqueIdentifier>{8d3661e1-b4c3-4430-80b9-df8a59be9ac0}</UniqueIdentifier>
    </Filter>
    <Filter Include="Source Files\utilities\signals">
      <UniqueIdentifier>{a05bc548-68e3-4043-b7a0-424dcc3b4018}</UniqueIdentifier>
    </Filter>
    <Filter Include="Header Files\utilities\math">
      <UniqueIdentifier>{99c1704b-81c9-404b-b967-ff64780835d3}</UniqueIdentifier>
    </Filter>
    <Filter Include="Header Files\utilities\signals">
      <UniqueIdentifier>{61ee11d1-4439-45b7-bd60-5002528e8066}</UniqueIdentifier>
    </Filter>
    <Filter Include="Header Files\utilities\signals\filters">
      <UniqueIdentifier>{18a484e4-060b-4f0f-bc5b-813c7f8e8200}</UniqueIdentifier>
    </Filter>
    <Filter Include="Source Files\utilities\signals\filters">
      <UniqueIdentifier>{470ade42-4f64-4f7b-a029-59870c1cc4ab}</UniqueIdentifier>
    </Filter>
  </ItemGroup>
  <ItemGroup>
    <ClInclude Include="src\renderer\primitives\axis.h">
      <Filter>Header Files\renderer\primitives</Filter>
    </ClInclude>
    <ClInclude Include="src\renderer\primitives\primitive.h">
      <Filter>Header Files\renderer\primitives</Filter>
    </ClInclude>
    <ClInclude Include="src\utilities\signals\rms.h">
      <Filter>Header Files\utilities\signals</Filter>
    </ClInclude>
    <ClInclude Include="src\utilities\signals\derivative.h">
      <Filter>Header Files\utilities\signals</Filter>
    </ClInclude>
    <ClInclude Include="src\utilities\signals\fft.h">
      <Filter>Header Files\utilities\signals</Filter>
    </ClInclude>
    <ClInclude Include="src\utilities\signals\integral.h">
      <Filter>Header Files\utilities\signals</Filter>
    </ClInclude>
    <ClInclude Include="src\utilities\dataset2D.h">
      <Filter>Header Files\utilities</Filter>
    </ClInclude>
    <ClInclude Include="src\application\rangeLimitsDialog.h">
      <Filter>Header Files\application</Filter>
    </ClInclude>
    <ClInclude Include="src\application\dropTarget.h">
      <Filter>Header Files\application</Filter>
    </ClInclude>
    <ClInclude Include="src\application\mainFrame.h">
      <Filter>Header Files\application</Filter>
    </ClInclude>
    <ClInclude Include="src\application\plotObject.h">
      <Filter>Header Files\application</Filter>
    </ClInclude>
    <ClInclude Include="src\application\plotterApp.h">
      <Filter>Header Files\application</Filter>
    </ClInclude>
    <ClInclude Include="src\renderer\renderWindow.h">
      <Filter>Header Files\renderer</Filter>
    </ClInclude>
    <ClInclude Include="src\renderer\color.h">
      <Filter>Header Files\renderer</Filter>
    </ClInclude>
    <ClInclude Include="src\renderer\plotRenderer.h">
      <Filter>Header Files\renderer</Filter>
    </ClInclude>
    <ClInclude Include="src\renderer\primitives\zoomBox.h">
      <Filter>Header Files\renderer\primitives</Filter>
    </ClInclude>
    <ClInclude Include="src\renderer\primitives\plotCursor.h">
      <Filter>Header Files\renderer\primitives</Filter>
    </ClInclude>
    <ClInclude Include="src\renderer\primitives\plotCurve.h">
      <Filter>Header Files\renderer\primitives</Filter>
    </ClInclude>
    <ClInclude Include="src\renderer\primitives\text.h">
      <Filter>Header Files\renderer\primitives</Filter>
    </ClInclude>
    <ClInclude Include="src\utilities\objectList.h">
      <Filter>Header Files\utilities</Filter>
    </ClInclude>
    <ClInclude Include="src\utilities\managedList.h">
      <Filter>Header Files\utilities</Filter>
    </ClInclude>
    <ClInclude Include="src\utilities\math\vector.h">
      <Filter>Header Files\utilities\math</Filter>
    </ClInclude>
    <ClInclude Include="src\utilities\math\complex.h">
      <Filter>Header Files\utilities\math</Filter>
    </ClInclude>
    <ClInclude Include="src\utilities\math\expressionTree.h">
      <Filter>Header Files\utilities\math</Filter>
    </ClInclude>
    <ClInclude Include="src\utilities\math\matrix.h">
      <Filter>Header Files\utilities\math</Filter>
    </ClInclude>
    <ClInclude Include="src\utilities\math\plotMath.h">
      <Filter>Header Files\utilities\math</Filter>
    </ClInclude>
    <ClInclude Include="src\utilities\signals\curveFit.h">
      <Filter>Header Files\utilities\signals</Filter>
    </ClInclude>
    <ClInclude Include="src\utilities\signals\filters\lowPassOrder2.h">
      <Filter>Header Files\utilities\signals\filters</Filter>
    </ClInclude>
    <ClInclude Include="src\utilities\signals\filters\filterBase.h">
      <Filter>Header Files\utilities\signals\filters</Filter>
    </ClInclude>
    <ClInclude Include="src\utilities\signals\filters\highPassOrder1.h">
      <Filter>Header Files\utilities\signals\filters</Filter>
    </ClInclude>
    <ClInclude Include="src\utilities\signals\filters\lowPassOrder1.h">
      <Filter>Header Files\utilities\signals\filters</Filter>
    </ClInclude>
    <ClInclude Include="src\utilities\fontFinder.h">
      <Filter>Header Files\utilities</Filter>
    </ClInclude>
    <ClInclude Include="src\utilities\machineDefinitions.h">
      <Filter>Header Files\utilities</Filter>
    </ClInclude>
    <ClInclude Include="src\application\filterDialog.h">
      <Filter>Header Files\application</Filter>
    </ClInclude>
  </ItemGroup>
  <ItemGroup>
    <ClCompile Include="src\renderer\primitives\axis.cpp">
      <Filter>Source Files\renderer\primitives</Filter>
    </ClCompile>
    <ClCompile Include="src\renderer\primitives\primitive.cpp">
      <Filter>Source Files\renderer\primitives</Filter>
    </ClCompile>
    <ClCompile Include="src\utilities\signals\derivative.cpp">
      <Filter>Source Files\utilities\signals</Filter>
    </ClCompile>
    <ClCompile Include="src\utilities\signals\fft.cpp">
      <Filter>Source Files\utilities\signals</Filter>
    </ClCompile>
    <ClCompile Include="src\utilities\signals\integral.cpp">
      <Filter>Source Files\utilities\signals</Filter>
    </ClCompile>
    <ClCompile Include="src\utilities\signals\rms.cpp">
      <Filter>Source Files\utilities\signals</Filter>
    </ClCompile>
    <ClCompile Include="src\utilities\dataset2D.cpp">
      <Filter>Source Files\utilities</Filter>
    </ClCompile>
    <ClCompile Include="src\application\rangeLimitsDialog.cpp">
      <Filter>Source Files\application</Filter>
    </ClCompile>
    <ClCompile Include="src\application\dropTarget.cpp">
      <Filter>Source Files\application</Filter>
    </ClCompile>
    <ClCompile Include="src\application\mainFrame.cpp">
      <Filter>Source Files\application</Filter>
    </ClCompile>
    <ClCompile Include="src\application\plotObject.cpp">
      <Filter>Source Files\application</Filter>
    </ClCompile>
    <ClCompile Include="src\application\plotterApp.cpp">
      <Filter>Source Files\application</Filter>
    </ClCompile>
    <ClCompile Include="src\renderer\renderWindow.cpp">
      <Filter>Source Files\renderer</Filter>
    </ClCompile>
    <ClCompile Include="src\renderer\color.cpp">
      <Filter>Source Files\renderer</Filter>
    </ClCompile>
    <ClCompile Include="src\renderer\plotRenderer.cpp">
      <Filter>Source Files\renderer</Filter>
    </ClCompile>
    <ClCompile Include="src\renderer\primitives\zoomBox.cpp">
      <Filter>Source Files\renderer\primitives</Filter>
    </ClCompile>
    <ClCompile Include="src\renderer\primitives\plotCursor.cpp">
      <Filter>Source Files\renderer\primitives</Filter>
    </ClCompile>
    <ClCompile Include="src\renderer\primitives\plotCurve.cpp">
      <Filter>Source Files\renderer\primitives</Filter>
    </ClCompile>
    <ClCompile Include="src\renderer\primitives\text.cpp">
      <Filter>Source Files\renderer\primitives</Filter>
    </ClCompile>
    <ClCompile Include="src\utilities\math\vector.cpp">
      <Filter>Source Files\utilities\math</Filter>
    </ClCompile>
    <ClCompile Include="src\utilities\math\complex.cpp">
      <Filter>Source Files\utilities\math</Filter>
    </ClCompile>
    <ClCompile Include="src\utilities\math\expressionTree.cpp">
      <Filter>Source Files\utilities\math</Filter>
    </ClCompile>
    <ClCompile Include="src\utilities\math\matrix.cpp">
      <Filter>Source Files\utilities\math</Filter>
    </ClCompile>
    <ClCompile Include="src\utilities\math\plotMath.cpp">
      <Filter>Source Files\utilities\math</Filter>
    </ClCompile>
    <ClCompile Include="src\utilities\signals\curveFit.cpp">
      <Filter>Source Files\utilities\signals</Filter>
    </ClCompile>
    <ClCompile Include="src\utilities\signals\filters\lowPassOrder2.cpp">
      <Filter>Source Files\utilities\signals\filters</Filter>
    </ClCompile>
    <ClCompile Include="src\utilities\signals\filters\filterBase.cpp">
      <Filter>Source Files\utilities\signals\filters</Filter>
    </ClCompile>
    <ClCompile Include="src\utilities\signals\filters\highPassOrder1.cpp">
      <Filter>Source Files\utilities\signals\filters</Filter>
    </ClCompile>
    <ClCompile Include="src\utilities\signals\filters\lowPassOrder1.cpp">
      <Filter>Source Files\utilities\signals\filters</Filter>
    </ClCompile>
    <ClCompile Include="src\utilities\fontFinder.cpp">
      <Filter>Source Files\utilities</Filter>
    </ClCompile>
    <ClCompile Include="src\application\filterDialog.cpp">
      <Filter>Source Files\application</Filter>
    </ClCompile>
  </ItemGroup>
  <ItemGroup>
    <ResourceCompile Include="res\DataPlotter.rc">
      <Filter>Resource Files</Filter>
    </ResourceCompile>
  </ItemGroup>
</Project>