<?xml version="1.0" encoding="utf-8"?>
<Project ToolsVersion="4.0" xmlns="http://schemas.microsoft.com/developer/msbuild/2003">
  <ItemGroup>
    <Filter Include="Source Files">
      <UniqueIdentifier>{4FC737F1-C7A5-4376-A066-2A32D752A2FF}</UniqueIdentifier>
      <Extensions>cpp;c;cc;cxx;def;odl;idl;hpj;bat;asm;asmx</Extensions>
    </Filter>
    <Filter Include="Header Files">
      <UniqueIdentifier>{93995380-89BD-4b04-88EB-625FBE52EBFB}</UniqueIdentifier>
      <Extensions>h;hpp;hxx;hm;inl;inc;xsd</Extensions>
    </Filter>
    <Filter Include="Resource Files">
      <UniqueIdentifier>{67DA6AB6-F800-4c08-8B7A-83BB121AAD01}</UniqueIdentifier>
      <Extensions>rc;ico;cur;bmp;dlg;rc2;rct;bin;rgs;gif;jpg;jpeg;jpe;resx;tiff;tif;png;wav;mfcribbon-ms</Extensions>
    </Filter>
    <Filter Include="Header Files\gui">
      <UniqueIdentifier>{35664b86-9948-477a-a71d-62f5e44fdb39}</UniqueIdentifier>
    </Filter>
    <Filter Include="Header Files\parser">
      <UniqueIdentifier>{9aaa057b-ec99-4b98-849f-7c72a5d5d4a4}</UniqueIdentifier>
    </Filter>
    <Filter Include="Header Files\renderer">
      <UniqueIdentifier>{b7cb8a0e-90da-4a65-a387-37446fe1e1cd}</UniqueIdentifier>
    </Filter>
    <Filter Include="Header Files\utilities">
      <UniqueIdentifier>{392bba7d-6433-451d-a782-4f486fc52413}</UniqueIdentifier>
    </Filter>
    <Filter Include="Source Files\gui">
      <UniqueIdentifier>{4871bc94-2264-4b68-ac87-ba94a72401a3}</UniqueIdentifier>
    </Filter>
    <Filter Include="Source Files\utilities">
      <UniqueIdentifier>{6445ae7c-22ba-4a6d-93a0-9097b3d91257}</UniqueIdentifier>
    </Filter>
    <Filter Include="Source Files\renderer">
      <UniqueIdentifier>{91bfecff-2d16-42af-8358-aa9cb0172f2d}</UniqueIdentifier>
    </Filter>
    <Filter Include="Source Files\parser">
      <UniqueIdentifier>{f9d360ac-cabe-4e60-ba78-afea056284dc}</UniqueIdentifier>
    </Filter>
    <Filter Include="Header Files\utilities\math">
      <UniqueIdentifier>{d7a0734c-b493-4c1c-b0e5-6d870357daba}</UniqueIdentifier>
    </Filter>
    <Filter Include="Header Files\utilities\signals">
      <UniqueIdentifier>{1c5ee056-eda4-4bb9-a65c-8745a67c08c4}</UniqueIdentifier>
    </Filter>
    <Filter Include="Header Files\renderer\primitives">
      <UniqueIdentifier>{738f6da0-ffea-440c-9dae-6f4414016ddf}</UniqueIdentifier>
    </Filter>
    <Filter Include="Source Files\renderer\primitives">
      <UniqueIdentifier>{993eec86-656f-460b-8e5a-634d56a61cc2}</UniqueIdentifier>
    </Filter>
    <Filter Include="Source Files\utilities\math">
      <UniqueIdentifier>{46fd2510-f225-492d-90df-fec54ac3bfd9}</UniqueIdentifier>
    </Filter>
    <Filter Include="Source Files\utilities\signals">
      <UniqueIdentifier>{556f11e9-86a3-47c6-af3d-36f501614530}</UniqueIdentifier>
    </Filter>
  </ItemGroup>
  <ItemGroup>
    <ClInclude Include="..\include\lp2d\gui\createSignalDialog.h">
      <Filter>Header Files\gui</Filter>
    </ClInclude>
    <ClInclude Include="..\include\lp2d\gui\dropTarget.h">
      <Filter>Header Files\gui</Filter>
    </ClInclude>
    <ClInclude Include="..\include\lp2d\gui\fftDialog.h">
      <Filter>Header Files\gui</Filter>
    </ClInclude>
    <ClInclude Include="..\include\lp2d\gui\filterDialog.h">
      <Filter>Header Files\gui</Filter>
    </ClInclude>
    <ClInclude Include="..\include\lp2d\gui\frfDialog.h">
      <Filter>Header Files\gui</Filter>
    </ClInclude>
    <ClInclude Include="..\include\lp2d\gui\multiChoiceDialog.h">
      <Filter>Header Files\gui</Filter>
    </ClInclude>
    <ClInclude Include="..\include\lp2d\gui\plotObject.h">
      <Filter>Header Files\gui</Filter>
    </ClInclude>
    <ClInclude Include="..\include\lp2d\gui\rangeLimitsDialog.h">
      <Filter>Header Files\gui</Filter>
    </ClInclude>
    <ClInclude Include="..\include\lp2d\gui\textInputDialog.h">
      <Filter>Header Files\gui</Filter>
    </ClInclude>
    <ClInclude Include="..\include\lp2d\utilities\math\complex.h">
      <Filter>Header Files\utilities\math</Filter>
    </ClInclude>
    <ClInclude Include="..\include\lp2d\utilities\math\expressionTree.h">
      <Filter>Header Files\utilities\math</Filter>
    </ClInclude>
    <ClInclude Include="..\include\lp2d\utilities\math\plotMath.h">
      <Filter>Header Files\utilities\math</Filter>
    </ClInclude>
    <ClInclude Include="..\include\lp2d\utilities\signals\curveFit.h">
      <Filter>Header Files\utilities\signals</Filter>
    </ClInclude>
    <ClInclude Include="..\include\lp2d\utilities\signals\derivative.h">
      <Filter>Header Files\utilities\signals</Filter>
    </ClInclude>
    <ClInclude Include="..\include\lp2d\utilities\signals\fft.h">
      <Filter>Header Files\utilities\signals</Filter>
    </ClInclude>
    <ClInclude Include="..\include\lp2d\utilities\signals\filter.h">
      <Filter>Header Files\utilities\signals</Filter>
    </ClInclude>
    <ClInclude Include="..\include\lp2d\utilities\signals\integral.h">
      <Filter>Header Files\utilities\signals</Filter>
    </ClInclude>
    <ClInclude Include="..\include\lp2d\utilities\signals\rms.h">
      <Filter>Header Files\utilities\signals</Filter>
    </ClInclude>
    <ClInclude Include="..\include\lp2d\utilities\arrayStringCompare.h">
      <Filter>Header Files\utilities</Filter>
    </ClInclude>
    <ClInclude Include="..\include\lp2d\utilities\dataset2D.h">
      <Filter>Header Files\utilities</Filter>
    </ClInclude>
    <ClInclude Include="..\include\lp2d\utilities\fontFinder.h">
      <Filter>Header Files\utilities</Filter>
    </ClInclude>
    <ClInclude Include="..\include\lp2d\utilities\machineDefinitions.h">
      <Filter>Header Files\utilities</Filter>
    </ClInclude>
    <ClInclude Include="..\include\lp2d\utilities\managedList.h">
      <Filter>Header Files\utilities</Filter>
    </ClInclude>
    <ClInclude Include="..\include\lp2d\renderer\color.h">
      <Filter>Header Files\renderer</Filter>
    </ClInclude>
    <ClInclude Include="..\include\lp2d\renderer\line.h">
      <Filter>Header Files\renderer</Filter>
    </ClInclude>
    <ClInclude Include="..\include\lp2d\renderer\plotRenderer.h">
      <Filter>Header Files\renderer</Filter>
    </ClInclude>
    <ClInclude Include="..\include\lp2d\renderer\renderWindow.h">
      <Filter>Header Files\renderer</Filter>
    </ClInclude>
    <ClInclude Include="..\include\lp2d\renderer\text.h">
      <Filter>Header Files\renderer</Filter>
    </ClInclude>
    <ClInclude Include="..\include\lp2d\renderer\primitives\axis.h">
      <Filter>Header Files\renderer\primitives</Filter>
    </ClInclude>
    <ClInclude Include="..\include\lp2d\renderer\primitives\legend.h">
      <Filter>Header Files\renderer\primitives</Filter>
    </ClInclude>
    <ClInclude Include="..\include\lp2d\renderer\primitives\plotCursor.h">
      <Filter>Header Files\renderer\primitives</Filter>
    </ClInclude>
    <ClInclude Include="..\include\lp2d\renderer\primitives\plotCurve.h">
      <Filter>Header Files\renderer\primitives</Filter>
    </ClInclude>
    <ClInclude Include="..\include\lp2d\renderer\primitives\primitive.h">
      <Filter>Header Files\renderer\primitives</Filter>
    </ClInclude>
    <ClInclude Include="..\include\lp2d\renderer\primitives\textRendering.h">
      <Filter>Header Files\renderer\primitives</Filter>
    </ClInclude>
    <ClInclude Include="..\include\lp2d\renderer\primitives\zoomBox.h">
      <Filter>Header Files\renderer\primitives</Filter>
    </ClInclude>
    <ClInclude Include="..\include\lp2d\parser\baumullerFile.h">
      <Filter>Header Files\parser</Filter>
    </ClInclude>
    <ClInclude Include="..\include\lp2d\parser\customFile.h">
      <Filter>Header Files\parser</Filter>
    </ClInclude>
    <ClInclude Include="..\include\lp2d\parser\customFileFormat.h">
      <Filter>Header Files\parser</Filter>
    </ClInclude>
    <ClInclude Include="..\include\lp2d\parser\customXMLFile.h">
      <Filter>Header Files\parser</Filter>
    </ClInclude>
    <ClInclude Include="..\include\lp2d\parser\dataFile.h">
      <Filter>Header Files\parser</Filter>
    </ClInclude>
    <ClInclude Include="..\include\lp2d\parser\genericFile.h">
      <Filter>Header Files\parser</Filter>
    </ClInclude>
    <ClInclude Include="..\include\lp2d\parser\kollmorgenFile.h">
      <Filter>Header Files\parser</Filter>
    </ClInclude>
    <ClInclude Include="..\include\lp2d\gui\guiInterface.h">
      <Filter>Header Files\gui</Filter>
    </ClInclude>
    <ClInclude Include="..\include\lp2d\gui\plotListGrid.h">
      <Filter>Header Files\gui</Filter>
    </ClInclude>
    <ClInclude Include="..\include\lp2d\utilities\guiUtilities.h">
      <Filter>Header Files\utilities</Filter>
    </ClInclude>
    <ClInclude Include="..\include\lp2d\libPlot2D.h">
      <Filter>Header Files</Filter>
    </ClInclude>
    <ClInclude Include="..\include\lp2d\parser\fileTypeManager.h">
      <Filter>Header Files\parser</Filter>
    </ClInclude>
    <ClInclude Include="..\include\lp2d\utilities\flagEnum.h">
      <Filter>Header Files\utilities</Filter>
    </ClInclude>
    <ClInclude Include="..\include\lp2d\gui\rolloverSelectionDialog.h">
      <Filter>Header Files\gui</Filter>
    </ClInclude>
  </ItemGroup>
  <ItemGroup>
    <ClCompile Include="..\src\gui\createSignalDialog.cpp">
      <Filter>Source Files\gui</Filter>
    </ClCompile>
    <ClCompile Include="..\src\gui\dropTarget.cpp">
      <Filter>Source Files\gui</Filter>
    </ClCompile>
    <ClCompile Include="..\src\gui\fftDialog.cpp">
      <Filter>Source Files\gui</Filter>
    </ClCompile>
    <ClCompile Include="..\src\gui\filterDialog.cpp">
      <Filter>Source Files\gui</Filter>
    </ClCompile>
    <ClCompile Include="..\src\gui\frfDialog.cpp">
      <Filter>Source Files\gui</Filter>
    </ClCompile>
    <ClCompile Include="..\src\gui\multiChoiceDialog.cpp">
      <Filter>Source Files\gui</Filter>
    </ClCompile>
    <ClCompile Include="..\src\gui\plotObject.cpp">
      <Filter>Source Files\gui</Filter>
    </ClCompile>
    <ClCompile Include="..\src\gui\rangeLimitsDialog.cpp">
      <Filter>Source Files\gui</Filter>
    </ClCompile>
    <ClCompile Include="..\src\gui\textInputDialog.cpp">
      <Filter>Source Files\gui</Filter>
    </ClCompile>
    <ClCompile Include="..\src\parser\baumullerFile.cpp">
      <Filter>Source Files\parser</Filter>
    </ClCompile>
    <ClCompile Include="..\src\parser\customFile.cpp">
      <Filter>Source Files\parser</Filter>
    </ClCompile>
    <ClCompile Include="..\src\parser\customFileFormat.cpp">
      <Filter>Source Files\parser</Filter>
    </ClCompile>
    <ClCompile Include="..\src\parser\customXMLFile.cpp">
      <Filter>Source Files\parser</Filter>
    </ClCompile>
    <ClCompile Include="..\src\parser\dataFile.cpp">
      <Filter>Source Files\parser</Filter>
    </ClCompile>
    <ClCompile Include="..\src\parser\genericFile.cpp">
      <Filter>Source Files\parser</Filter>
    </ClCompile>
    <ClCompile Include="..\src\parser\kollmorgenFile.cpp">
      <Filter>Source Files\parser</Filter>
    </ClCompile>
    <ClCompile Include="..\src\renderer\color.cpp">
      <Filter>Source Files\renderer</Filter>
    </ClCompile>
    <ClCompile Include="..\src\renderer\line.cpp">
      <Filter>Source Files\renderer</Filter>
    </ClCompile>
    <ClCompile Include="..\src\renderer\plotRenderer.cpp">
      <Filter>Source Files\renderer</Filter>
    </ClCompile>
    <ClCompile Include="..\src\renderer\renderWindow.cpp">
      <Filter>Source Files\renderer</Filter>
    </ClCompile>
    <ClCompile Include="..\src\renderer\text.cpp">
      <Filter>Source Files\renderer</Filter>
    </ClCompile>
    <ClCompile Include="..\src\renderer\primitives\axis.cpp">
      <Filter>Source Files\renderer\primitives</Filter>
    </ClCompile>
    <ClCompile Include="..\src\renderer\primitives\legend.cpp">
      <Filter>Source Files\renderer\primitives</Filter>
    </ClCompile>
    <ClCompile Include="..\src\renderer\primitives\plotCursor.cpp">
      <Filter>Source Files\renderer\primitives</Filter>
    </ClCompile>
    <ClCompile Include="..\src\renderer\primitives\plotCurve.cpp">
      <Filter>Source Files\renderer\primitives</Filter>
    </ClCompile>
    <ClCompile Include="..\src\renderer\primitives\primitive.cpp">
      <Filter>Source Files\renderer\primitives</Filter>
    </ClCompile>
    <ClCompile Include="..\src\renderer\primitives\textRendering.cpp">
      <Filter>Source Files\renderer\primitives</Filter>
    </ClCompile>
    <ClCompile Include="..\src\renderer\primitives\zoomBox.cpp">
      <Filter>Source Files\renderer\primitives</Filter>
    </ClCompile>
    <ClCompile Include="..\src\utilities\arrayStringCompare.cpp">
      <Filter>Source Files\utilities</Filter>
    </ClCompile>
    <ClCompile Include="..\src\utilities\dataset2D.cpp">
      <Filter>Source Files\utilities</Filter>
    </ClCompile>
    <ClCompile Include="..\src\utilities\fontFinder.cpp">
      <Filter>Source Files\utilities</Filter>
    </ClCompile>
    <ClCompile Include="..\src\utilities\math\complex.cpp">
      <Filter>Source Files\utilities\math</Filter>
    </ClCompile>
    <ClCompile Include="..\src\utilities\math\expressionTree.cpp">
      <Filter>Source Files\utilities\math</Filter>
    </ClCompile>
    <ClCompile Include="..\src\utilities\math\plotMath.cpp">
      <Filter>Source Files\utilities\math</Filter>
    </ClCompile>
    <ClCompile Include="..\src\utilities\signals\curveFit.cpp">
      <Filter>Source Files\utilities\signals</Filter>
    </ClCompile>
    <ClCompile Include="..\src\utilities\signals\derivative.cpp">
      <Filter>Source Files\utilities\signals</Filter>
    </ClCompile>
    <ClCompile Include="..\src\utilities\signals\fft.cpp">
      <Filter>Source Files\utilities\signals</Filter>
    </ClCompile>
    <ClCompile Include="..\src\utilities\signals\filter.cpp">
      <Filter>Source Files\utilities\signals</Filter>
    </ClCompile>
    <ClCompile Include="..\src\utilities\signals\integral.cpp">
      <Filter>Source Files\utilities\signals</Filter>
    </ClCompile>
    <ClCompile Include="..\src\utilities\signals\rms.cpp">
      <Filter>Source Files\utilities\signals</Filter>
    </ClCompile>
    <ClCompile Include="..\src\gui\guiInterface.cpp">
      <Filter>Source Files\gui</Filter>
    </ClCompile>
    <ClCompile Include="..\src\gui\plotListGrid.cpp">
      <Filter>Source Files\gui</Filter>
    </ClCompile>
    <ClCompile Include="..\src\utilities\guiUtilities.cpp">
      <Filter>Source Files\utilities</Filter>
    </ClCompile>
    <ClCompile Include="..\src\gitHash.cpp">
      <Filter>Source Files</Filter>
    </ClCompile>
    <ClCompile Include="..\src\parser\fileTypeManager.cpp">
      <Filter>Source Files\parser</Filter>
    </ClCompile>
    <ClCompile Include="..\src\gui\rolloverSelectionDialog.cpp">
      <Filter>Source Files\gui</Filter>
    </ClCompile>
  </ItemGroup>
</Project>